{
  "nodes": {
    "kangae": {
      "flake": false,
      "locked": {
        "lastModified": 1687311128,
        "narHash": "sha256-ZFKvixwiM6RCP5/PPvv38r07vRLG76ny3gQwVN+QpC4=",
        "owner": "ayushnix",
        "repo": "kangae",
        "rev": "b265935373f1fe73e17b968204b13738dc6d4136",
        "type": "github"
      },
      "original": {
        "owner": "ayushnix",
        "repo": "kangae",
        "type": "github"
      }
    },
    "nixpkgs": {
      "locked": {
        "lastModified": 1713297878,
        "narHash": "sha256-hOkzkhLT59wR8VaMbh1ESjtZLbGi+XNaBN6h49SPqEc=",
        "owner": "NixOS",
        "repo": "nixpkgs",
        "rev": "66adc1e47f8784803f2deb6cacd5e07264ec2d5c",
        "type": "github"
      },
      "original": {
        "id": "nixpkgs",
        "ref": "nixos-unstable",
        "type": "indirect"
      }
    },
    "root": {
      "inputs": {
        "kangae": "kangae",
        "nixpkgs": "nixpkgs"
      }
    }
  },
  "root": "root",
  "version": 7
}
